// !$*UTF8*$!
{
	archiveVersion = 1;
	classes = {
	};
	objectVersion = 77;
	objects = {

/* Begin PBXBuildFile section */
		A669060E2F15FCD200FEC8D2 /* com.focusguard.helper in CopyFiles */ = {isa = PBXBuildFile; fileRef = A66906062F15FA4800FEC8D2 /* com.focusguard.helper */; settings = {ATTRIBUTES = (RemoveHeadersOnCopy, ); }; };
/* End PBXBuildFile section */

/* Begin PBXContainerItemProxy section */
		A669060F2F15FCD300FEC8D2 /* PBXContainerItemProxy */ = {
			isa = PBXContainerItemProxy;
			containerPortal = A6F939E32F15DACC00EA75FC /* Project object */;
			proxyType = 1;
			remoteGlobalIDString = A66906052F15FA4800FEC8D2;
			remoteInfo = com.focusguard.helper;
		};
		A6F939FE2F15DACD00EA75FC /* PBXContainerItemProxy */ = {
			isa = PBXContainerItemProxy;
			containerPortal = A6F939E32F15DACC00EA75FC /* Project object */;
			proxyType = 1;
			remoteGlobalIDString = A6F939EA2F15DACC00EA75FC;
			remoteInfo = FocusGuard;
		};
		A6F93A082F15DACD00EA75FC /* PBXContainerItemProxy */ = {
			isa = PBXContainerItemProxy;
			containerPortal = A6F939E32F15DACC00EA75FC /* Project object */;
			proxyType = 1;
			remoteGlobalIDString = A6F939EA2F15DACC00EA75FC;
			remoteInfo = FocusGuard;
		};
/* End PBXContainerItemProxy section */

/* Begin PBXCopyFilesBuildPhase section */
		A66906042F15FA4800FEC8D2 /* CopyFiles */ = {
			isa = PBXCopyFilesBuildPhase;
			buildActionMask = 2147483647;
			dstPath = /usr/share/man/man1/;
			dstSubfolderSpec = 0;
			files = (
			);
			runOnlyForDeploymentPostprocessing = 1;
		};
		A669060D2F15FCD100FEC8D2 /* CopyFiles */ = {
			isa = PBXCopyFilesBuildPhase;
			buildActionMask = 2147483647;
			dstPath = Contents/Library/LaunchServices;
			dstSubfolderSpec = 1;
			files = (
				A669060E2F15FCD200FEC8D2 /* com.focusguard.helper in CopyFiles */,
			);
			runOnlyForDeploymentPostprocessing = 0;
		};
/* End PBXCopyFilesBuildPhase section */

/* Begin PBXFileReference section */
		A66906062F15FA4800FEC8D2 /* com.focusguard.helper */ = {isa = PBXFileReference; explicitFileType = "compiled.mach-o.executable"; includeInIndex = 0; path = com.focusguard.helper; sourceTree = BUILT_PRODUCTS_DIR; };
		A6F939EB2F15DACC00EA75FC /* FocusGuard.app */ = {isa = PBXFileReference; explicitFileType = wrapper.application; includeInIndex = 0; path = FocusGuard.app; sourceTree = BUILT_PRODUCTS_DIR; };
		A6F939FD2F15DACD00EA75FC /* FocusGuardTests.xctest */ = {isa = PBXFileReference; explicitFileType = wrapper.cfbundle; includeInIndex = 0; path = FocusGuardTests.xctest; sourceTree = BUILT_PRODUCTS_DIR; };
		A6F93A072F15DACD00EA75FC /* FocusGuardUITests.xctest */ = {isa = PBXFileReference; explicitFileType = wrapper.cfbundle; includeInIndex = 0; path = FocusGuardUITests.xctest; sourceTree = BUILT_PRODUCTS_DIR; };
/* End PBXFileReference section */

/* Begin PBXFileSystemSynchronizedRootGroup section */
		A66906072F15FA4800FEC8D2 /* com.focusguard.helper */ = {
			isa = PBXFileSystemSynchronizedRootGroup;
			path = com.focusguard.helper;
			sourceTree = "<group>";
		};
		A6F939ED2F15DACC00EA75FC /* FocusGuard */ = {
			isa = PBXFileSystemSynchronizedRootGroup;
			path = FocusGuard;
			sourceTree = "<group>";
		};
		A6F93A002F15DACD00EA75FC /* FocusGuardTests */ = {
			isa = PBXFileSystemSynchronizedRootGroup;
			path = FocusGuardTests;
			sourceTree = "<group>";
		};
		A6F93A0A2F15DACD00EA75FC /* FocusGuardUITests */ = {
			isa = PBXFileSystemSynchronizedRootGroup;
			path = FocusGuardUITests;
			sourceTree = "<group>";
		};
/* End PBXFileSystemSynchronizedRootGroup section */

/* Begin PBXFrameworksBuildPhase section */
		A66906032F15FA4800FEC8D2 /* Frameworks */ = {
			isa = PBXFrameworksBuildPhase;
			buildActionMask = 2147483647;
			files = (
			);
			runOnlyForDeploymentPostprocessing = 0;
		};
		A6F939E82F15DACC00EA75FC /* Frameworks */ = {
			isa = PBXFrameworksBuildPhase;
			buildActionMask = 2147483647;
			files = (
			);
			runOnlyForDeploymentPostprocessing = 0;
		};
		A6F939FA2F15DACD00EA75FC /* Frameworks */ = {
			isa = PBXFrameworksBuildPhase;
			buildActionMask = 2147483647;
			files = (
			);
			runOnlyForDeploymentPostprocessing = 0;
		};
		A6F93A042F15DACD00EA75FC /* Frameworks */ = {
			isa = PBXFrameworksBuildPhase;
			buildActionMask = 2147483647;
			files = (
			);
			runOnlyForDeploymentPostprocessing = 0;
		};
/* End PBXFrameworksBuildPhase section */

/* Begin PBXGroup section */
		A6F939E22F15DACC00EA75FC = {
			isa = PBXGroup;
			children = (
				A6F939ED2F15DACC00EA75FC /* FocusGuard */,
				A6F93A002F15DACD00EA75FC /* FocusGuardTests */,
				A6F93A0A2F15DACD00EA75FC /* FocusGuardUITests */,
				A66906072F15FA4800FEC8D2 /* com.focusguard.helper */,
				A6F939EC2F15DACC00EA75FC /* Products */,
			);
			sourceTree = "<group>";
		};
		A6F939EC2F15DACC00EA75FC /* Products */ = {
			isa = PBXGroup;
			children = (
				A6F939EB2F15DACC00EA75FC /* FocusGuard.app */,
				A6F939FD2F15DACD00EA75FC /* FocusGuardTests.xctest */,
				A6F93A072F15DACD00EA75FC /* FocusGuardUITests.xctest */,
				A66906062F15FA4800FEC8D2 /* com.focusguard.helper */,
			);
			name = Products;
			sourceTree = "<group>";
		};
/* End PBXGroup section */

/* Begin PBXNativeTarget section */
		A66906052F15FA4800FEC8D2 /* com.focusguard.helper */ = {
			isa = PBXNativeTarget;
			buildConfigurationList = A669060C2F15FA4800FEC8D2 /* Build configuration list for PBXNativeTarget "com.focusguard.helper" */;
			buildPhases = (
				A66906022F15FA4800FEC8D2 /* Sources */,
				A66906032F15FA4800FEC8D2 /* Frameworks */,
				A66906042F15FA4800FEC8D2 /* CopyFiles */,
			);
			buildRules = (
			);
			dependencies = (
			);
			fileSystemSynchronizedGroups = (
				A66906072F15FA4800FEC8D2 /* com.focusguard.helper */,
			);
			name = com.focusguard.helper;
			packageProductDependencies = (
			);
			productName = com.focusguard.helper;
			productReference = A66906062F15FA4800FEC8D2 /* com.focusguard.helper */;
			productType = "com.apple.product-type.tool";
		};
		A6F939EA2F15DACC00EA75FC /* FocusGuard */ = {
			isa = PBXNativeTarget;
			buildConfigurationList = A6F93A112F15DACD00EA75FC /* Build configuration list for PBXNativeTarget "FocusGuard" */;
			buildPhases = (
				A6F939E72F15DACC00EA75FC /* Sources */,
				A6F939E82F15DACC00EA75FC /* Frameworks */,
				A6F939E92F15DACC00EA75FC /* Resources */,
				A669060D2F15FCD100FEC8D2 /* CopyFiles */,
			);
			buildRules = (
			);
			dependencies = (
				A66906102F15FCD400FEC8D2 /* PBXTargetDependency */,
			);
			fileSystemSynchronizedGroups = (
				A6F939ED2F15DACC00EA75FC /* FocusGuard */,
			);
			name = FocusGuard;
			packageProductDependencies = (
			);
			productName = FocusGuard;
			productReference = A6F939EB2F15DACC00EA75FC /* FocusGuard.app */;
			productType = "com.apple.product-type.application";
		};
		A6F939FC2F15DACD00EA75FC /* FocusGuardTests */ = {
			isa = PBXNativeTarget;
			buildConfigurationList = A6F93A142F15DACD00EA75FC /* Build configuration list for PBXNativeTarget "FocusGuardTests" */;
			buildPhases = (
				A6F939F92F15DACD00EA75FC /* Sources */,
				A6F939FA2F15DACD00EA75FC /* Frameworks */,
				A6F939FB2F15DACD00EA75FC /* Resources */,
			);
			buildRules = (
			);
			dependencies = (
				A6F939FF2F15DACD00EA75FC /* PBXTargetDependency */,
			);
			fileSystemSynchronizedGroups = (
				A6F93A002F15DACD00EA75FC /* FocusGuardTests */,
			);
			name = FocusGuardTests;
			packageProductDependencies = (
			);
			productName = FocusGuardTests;
			productReference = A6F939FD2F15DACD00EA75FC /* FocusGuardTests.xctest */;
			productType = "com.apple.product-type.bundle.unit-test";
		};
		A6F93A062F15DACD00EA75FC /* FocusGuardUITests */ = {
			isa = PBXNativeTarget;
			buildConfigurationList = A6F93A172F15DACD00EA75FC /* Build configuration list for PBXNativeTarget "FocusGuardUITests" */;
			buildPhases = (
				A6F93A032F15DACD00EA75FC /* Sources */,
				A6F93A042F15DACD00EA75FC /* Frameworks */,
				A6F93A052F15DACD00EA75FC /* Resources */,
			);
			buildRules = (
			);
			dependencies = (
				A6F93A092F15DACD00EA75FC /* PBXTargetDependency */,
			);
			fileSystemSynchronizedGroups = (
				A6F93A0A2F15DACD00EA75FC /* FocusGuardUITests */,
			);
			name = FocusGuardUITests;
			packageProductDependencies = (
			);
			productName = FocusGuardUITests;
			productReference = A6F93A072F15DACD00EA75FC /* FocusGuardUITests.xctest */;
			productType = "com.apple.product-type.bundle.ui-testing";
		};
/* End PBXNativeTarget section */

/* Begin PBXProject section */
		A6F939E32F15DACC00EA75FC /* Project object */ = {
			isa = PBXProject;
			attributes = {
				BuildIndependentTargetsInParallel = 1;
				LastSwiftUpdateCheck = 2620;
				LastUpgradeCheck = 2620;
				TargetAttributes = {
					A66906052F15FA4800FEC8D2 = {
						CreatedOnToolsVersion = 26.2;
					};
					A6F939EA2F15DACC00EA75FC = {
						CreatedOnToolsVersion = 26.2;
					};
					A6F939FC2F15DACD00EA75FC = {
						CreatedOnToolsVersion = 26.2;
						TestTargetID = A6F939EA2F15DACC00EA75FC;
					};
					A6F93A062F15DACD00EA75FC = {
						CreatedOnToolsVersion = 26.2;
						TestTargetID = A6F939EA2F15DACC00EA75FC;
					};
				};
			};
			buildConfigurationList = A6F939E62F15DACC00EA75FC /* Build configuration list for PBXProject "FocusGuard" */;
			developmentRegion = en;
			hasScannedForEncodings = 0;
			knownRegions = (
				en,
				Base,
			);
			mainGroup = A6F939E22F15DACC00EA75FC;
			minimizedProjectReferenceProxies = 1;
			preferredProjectObjectVersion = 77;
			productRefGroup = A6F939EC2F15DACC00EA75FC /* Products */;
			projectDirPath = "";
			projectRoot = "";
			targets = (
				A6F939EA2F15DACC00EA75FC /* FocusGuard */,
				A6F939FC2F15DACD00EA75FC /* FocusGuardTests */,
				A6F93A062F15DACD00EA75FC /* FocusGuardUITests */,
				A66906052F15FA4800FEC8D2 /* com.focusguard.helper */,
			);
		};
/* End PBXProject section */

/* Begin PBXResourcesBuildPhase section */
		A6F939E92F15DACC00EA75FC /* Resources */ = {
			isa = PBXResourcesBuildPhase;
			buildActionMask = 2147483647;
			files = (
			);
			runOnlyForDeploymentPostprocessing = 0;
		};
		A6F939FB2F15DACD00EA75FC /* Resources */ = {
			isa = PBXResourcesBuildPhase;
			buildActionMask = 2147483647;
			files = (
			);
			runOnlyForDeploymentPostprocessing = 0;
		};
		A6F93A052F15DACD00EA75FC /* Resources */ = {
			isa = PBXResourcesBuildPhase;
			buildActionMask = 2147483647;
			files = (
			);
			runOnlyForDeploymentPostprocessing = 0;
		};
/* End PBXResourcesBuildPhase section */

/* Begin PBXSourcesBuildPhase section */
		A66906022F15FA4800FEC8D2 /* Sources */ = {
			isa = PBXSourcesBuildPhase;
			buildActionMask = 2147483647;
			files = (
			);
			runOnlyForDeploymentPostprocessing = 0;
		};
		A6F939E72F15DACC00EA75FC /* Sources */ = {
			isa = PBXSourcesBuildPhase;
			buildActionMask = 2147483647;
			files = (
			);
			runOnlyForDeploymentPostprocessing = 0;
		};
		A6F939F92F15DACD00EA75FC /* Sources */ = {
			isa = PBXSourcesBuildPhase;
			buildActionMask = 2147483647;
			files = (
			);
			runOnlyForDeploymentPostprocessing = 0;
		};
		A6F93A032F15DACD00EA75FC /* Sources */ = {
			isa = PBXSourcesBuildPhase;
			buildActionMask = 2147483647;
			files = (
			);
			runOnlyForDeploymentPostprocessing = 0;
		};
/* End PBXSourcesBuildPhase section */

/* Begin PBXTargetDependency section */
		A66906102F15FCD400FEC8D2 /* PBXTargetDependency */ = {
			isa = PBXTargetDependency;
			target = A66906052F15FA4800FEC8D2 /* com.focusguard.helper */;
			targetProxy = A669060F2F15FCD300FEC8D2 /* PBXContainerItemProxy */;
		};
		A6F939FF2F15DACD00EA75FC /* PBXTargetDependency */ = {
			isa = PBXTargetDependency;
			target = A6F939EA2F15DACC00EA75FC /* FocusGuard */;
			targetProxy = A6F939FE2F15DACD00EA75FC /* PBXContainerItemProxy */;
		};
		A6F93A092F15DACD00EA75FC /* PBXTargetDependency */ = {
			isa = PBXTargetDependency;
			target = A6F939EA2F15DACC00EA75FC /* FocusGuard */;
			targetProxy = A6F93A082F15DACD00EA75FC /* PBXContainerItemProxy */;
		};
/* End PBXTargetDependency section */

/* Begin XCBuildConfiguration section */
		A669060A2F15FA4800FEC8D2 /* Debug */ = {
			isa = XCBuildConfiguration;
			buildSettings = {
				CODE_SIGN_STYLE = Automatic;
				CREATE_INFOPLIST_SECTION_IN_BINARY = YES;
				DEVELOPMENT_TEAM = Q8D9M8NW8Y;
				ENABLE_HARDENED_RUNTIME = YES;
				INFOPLIST_FILE = "FocusGuard/Helper/com.focusguard.helper-Info.plist";
				MACOSX_DEPLOYMENT_TARGET = 15.6;
				OTHER_LDFLAGS = (
					"-sectcreate",
					__TEXT,
					__launchd_plist,
					"$(SRCROOT)/FocusGuard/Helper/com.focusguard.helper-Launchd.plist",
				);
				PRODUCT_BUNDLE_IDENTIFIER = com.focusguard.helper;
				PRODUCT_NAME = "$(TARGET_NAME)";
				SDKROOT = macosx;
				SKIP_INSTALL = YES;
				SWIFT_APPROACHABLE_CONCURRENCY = YES;
				SWIFT_UPCOMING_FEATURE_MEMBER_IMPORT_VISIBILITY = YES;
				SWIFT_VERSION = 5.0;
			};
			name = Debug;
		};
		A669060B2F15FA4800FEC8D2 /* Release */ = {
			isa = XCBuildConfiguration;
			buildSettings = {
				CODE_SIGN_STYLE = Automatic;
				CREATE_INFOPLIST_SECTION_IN_BINARY = YES;
				DEVELOPMENT_TEAM = Q8D9M8NW8Y;
				ENABLE_HARDENED_RUNTIME = YES;
				INFOPLIST_FILE = "FocusGuard/Helper/com.focusguard.helper-Info.plist";
				MACOSX_DEPLOYMENT_TARGET = 15.6;
				OTHER_LDFLAGS = (
					"-sectcreate",
					__TEXT,
					__launchd_plist,
					"$(SRCROOT)/FocusGuard/Helper/com.focusguard.helper-Launchd.plist",
				);
				PRODUCT_BUNDLE_IDENTIFIER = com.focusguard.helper;
				PRODUCT_NAME = "$(TARGET_NAME)";
				SDKROOT = macosx;
				SKIP_INSTALL = YES;
				SWIFT_APPROACHABLE_CONCURRENCY = YES;
				SWIFT_UPCOMING_FEATURE_MEMBER_IMPORT_VISIBILITY = YES;
				SWIFT_VERSION = 5.0;
			};
			name = Release;
		};
		A6F93A0F2F15DACD00EA75FC /* Debug */ = {
			isa = XCBuildConfiguration;
			buildSettings = {
				ALWAYS_SEARCH_USER_PATHS = NO;
				ASSETCATALOG_COMPILER_GENERATE_SWIFT_ASSET_SYMBOL_EXTENSIONS = YES;
				CLANG_ANALYZER_NONNULL = YES;
				CLANG_ANALYZER_NUMBER_OBJECT_CONVERSION = YES_AGGRESSIVE;
				CLANG_CXX_LANGUAGE_STANDARD = "gnu++20";
				CLANG_ENABLE_MODULES = YES;
				CLANG_ENABLE_OBJC_ARC = YES;
				CLANG_ENABLE_OBJC_WEAK = YES;
				CLANG_WARN_BLOCK_CAPTURE_AUTORELEASING = YES;
				CLANG_WARN_BOOL_CONVERSION = YES;
				CLANG_WARN_COMMA = YES;
				CLANG_WARN_CONSTANT_CONVERSION = YES;
				CLANG_WARN_DEPRECATED_OBJC_IMPLEMENTATIONS = YES;
				CLANG_WARN_DIRECT_OBJC_ISA_USAGE = YES_ERROR;
				CLANG_WARN_DOCUMENTATION_COMMENTS = YES;
				CLANG_WARN_EMPTY_BODY = YES;
				CLANG_WARN_ENUM_CONVERSION = YES;
				CLANG_WARN_INFINITE_RECURSION = YES;
				CLANG_WARN_INT_CONVERSION = YES;
				CLANG_WARN_NON_LITERAL_NULL_CONVERSION = YES;
				CLANG_WARN_OBJC_IMPLICIT_RETAIN_SELF = YES;
				CLANG_WARN_OBJC_LITERAL_CONVERSION = YES;
				CLANG_WARN_OBJC_ROOT_CLASS = YES_ERROR;
				CLANG_WARN_QUOTED_INCLUDE_IN_FRAMEWORK_HEADER = YES;
				CLANG_WARN_RANGE_LOOP_ANALYSIS = YES;
				CLANG_WARN_STRICT_PROTOTYPES = YES;
				CLANG_WARN_SUSPICIOUS_MOVE = YES;
				CLANG_WARN_UNGUARDED_AVAILABILITY = YES_AGGRESSIVE;
				CLANG_WARN_UNREACHABLE_CODE = YES;
				CLANG_WARN__DUPLICATE_METHOD_MATCH = YES;
				COPY_PHASE_STRIP = NO;
				DEBUG_INFORMATION_FORMAT = dwarf;
				DEVELOPMENT_TEAM = Q8D9M8NW8Y;
				ENABLE_STRICT_OBJC_MSGSEND = YES;
				ENABLE_TESTABILITY = YES;
				ENABLE_USER_SCRIPT_SANDBOXING = YES;
				GCC_C_LANGUAGE_STANDARD = gnu17;
				GCC_DYNAMIC_NO_PIC = NO;
				GCC_NO_COMMON_BLOCKS = YES;
				GCC_OPTIMIZATION_LEVEL = 0;
				GCC_PREPROCESSOR_DEFINITIONS = (
					"DEBUG=1",
					"$(inherited)",
				);
				GCC_WARN_64_TO_32_BIT_CONVERSION = YES;
				GCC_WARN_ABOUT_RETURN_TYPE = YES_ERROR;
				GCC_WARN_UNDECLARED_SELECTOR = YES;
				GCC_WARN_UNINITIALIZED_AUTOS = YES_AGGRESSIVE;
				GCC_WARN_UNUSED_FUNCTION = YES;
				GCC_WARN_UNUSED_VARIABLE = YES;
				LOCALIZATION_PREFERS_STRING_CATALOGS = YES;
				MTL_ENABLE_DEBUG_INFO = INCLUDE_SOURCE;
				MTL_FAST_MATH = YES;
				ONLY_ACTIVE_ARCH = YES;
				SWIFT_ACTIVE_COMPILATION_CONDITIONS = "DEBUG $(inherited)";
				SWIFT_OPTIMIZATION_LEVEL = "-Onone";
			};
			name = Debug;
		};
		A6F93A102F15DACD00EA75FC /* Release */ = {
			isa = XCBuildConfiguration;
			buildSettings = {
				ALWAYS_SEARCH_USER_PATHS = NO;
				ASSETCATALOG_COMPILER_GENERATE_SWIFT_ASSET_SYMBOL_EXTENSIONS = YES;
				CLANG_ANALYZER_NONNULL = YES;
				CLANG_ANALYZER_NUMBER_OBJECT_CONVERSION = YES_AGGRESSIVE;
				CLANG_CXX_LANGUAGE_STANDARD = "gnu++20";
				CLANG_ENABLE_MODULES = YES;
				CLANG_ENABLE_OBJC_ARC = YES;
				CLANG_ENABLE_OBJC_WEAK = YES;
				CLANG_WARN_BLOCK_CAPTURE_AUTORELEASING = YES;
				CLANG_WARN_BOOL_CONVERSION = YES;
				CLANG_WARN_COMMA = YES;
				CLANG_WARN_CONSTANT_CONVERSION = YES;
				CLANG_WARN_DEPRECATED_OBJC_IMPLEMENTATIONS = YES;
				CLANG_WARN_DIRECT_OBJC_ISA_USAGE = YES_ERROR;
				CLANG_WARN_DOCUMENTATION_COMMENTS = YES;
				CLANG_WARN_EMPTY_BODY = YES;
				CLANG_WARN_ENUM_CONVERSION = YES;
				CLANG_WARN_INFINITE_RECURSION = YES;
				CLANG_WARN_INT_CONVERSION = YES;
				CLANG_WARN_NON_LITERAL_NULL_CONVERSION = YES;
				CLANG_WARN_OBJC_IMPLICIT_RETAIN_SELF = YES;
				CLANG_WARN_OBJC_LITERAL_CONVERSION = YES;
				CLANG_WARN_OBJC_ROOT_CLASS = YES_ERROR;
				CLANG_WARN_QUOTED_INCLUDE_IN_FRAMEWORK_HEADER = YES;
				CLANG_WARN_RANGE_LOOP_ANALYSIS = YES;
				CLANG_WARN_STRICT_PROTOTYPES = YES;
				CLANG_WARN_SUSPICIOUS_MOVE = YES;
				CLANG_WARN_UNGUARDED_AVAILABILITY = YES_AGGRESSIVE;
				CLANG_WARN_UNREACHABLE_CODE = YES;
				CLANG_WARN__DUPLICATE_METHOD_MATCH = YES;
				COPY_PHASE_STRIP = NO;
				DEBUG_INFORMATION_FORMAT = "dwarf-with-dsym";
				DEVELOPMENT_TEAM = Q8D9M8NW8Y;
				ENABLE_NS_ASSERTIONS = NO;
				ENABLE_STRICT_OBJC_MSGSEND = YES;
				ENABLE_USER_SCRIPT_SANDBOXING = YES;
				GCC_C_LANGUAGE_STANDARD = gnu17;
				GCC_NO_COMMON_BLOCKS = YES;
				GCC_WARN_64_TO_32_BIT_CONVERSION = YES;
				GCC_WARN_ABOUT_RETURN_TYPE = YES_ERROR;
				GCC_WARN_UNDECLARED_SELECTOR = YES;
				GCC_WARN_UNINITIALIZED_AUTOS = YES_AGGRESSIVE;
				GCC_WARN_UNUSED_FUNCTION = YES;
				GCC_WARN_UNUSED_VARIABLE = YES;
				LOCALIZATION_PREFERS_STRING_CATALOGS = YES;
				MTL_ENABLE_DEBUG_INFO = NO;
				MTL_FAST_MATH = YES;
				SWIFT_COMPILATION_MODE = wholemodule;
			};
			name = Release;
		};
		A6F93A122F15DACD00EA75FC /* Debug */ = {
			isa = XCBuildConfiguration;
			buildSettings = {
				ASSETCATALOG_COMPILER_APPICON_NAME = AppIcon;
				ASSETCATALOG_COMPILER_GLOBAL_ACCENT_COLOR_NAME = AccentColor;
				CODE_SIGN_STYLE = Automatic;
				CURRENT_PROJECT_VERSION = 1;
				DEVELOPMENT_TEAM = Q8D9M8NW8Y;
				ENABLE_APP_SANDBOX = NO;
				ENABLE_HARDENED_RUNTIME = YES;
				ENABLE_PREVIEWS = YES;
				GENERATE_INFOPLIST_FILE = YES;
				INFOPLIST_FILE = FocusGuard/Resources/Info.plist;
				"INFOPLIST_KEY_UIApplicationSceneManifest_Generation[sdk=iphoneos*]" = YES;
				"INFOPLIST_KEY_UIApplicationSceneManifest_Generation[sdk=iphonesimulator*]" = YES;
				"INFOPLIST_KEY_UIApplicationSupportsIndirectInputEvents[sdk=iphoneos*]" = YES;
				"INFOPLIST_KEY_UIApplicationSupportsIndirectInputEvents[sdk=iphonesimulator*]" = YES;
				"INFOPLIST_KEY_UILaunchScreen_Generation[sdk=iphoneos*]" = YES;
				"INFOPLIST_KEY_UILaunchScreen_Generation[sdk=iphonesimulator*]" = YES;
				"INFOPLIST_KEY_UIStatusBarStyle[sdk=iphoneos*]" = UIStatusBarStyleDefault;
				"INFOPLIST_KEY_UIStatusBarStyle[sdk=iphonesimulator*]" = UIStatusBarStyleDefault;
				INFOPLIST_KEY_UISupportedInterfaceOrientations_iPad = "UIInterfaceOrientationPortrait UIInterfaceOrientationPortraitUpsideDown UIInterfaceOrientationLandscapeLeft UIInterfaceOrientationLandscapeRight";
				INFOPLIST_KEY_UISupportedInterfaceOrientations_iPhone = "UIInterfaceOrientationPortrait UIInterfaceOrientationLandscapeLeft UIInterfaceOrientationLandscapeRight";
				IPHONEOS_DEPLOYMENT_TARGET = 26.2;
				LD_RUNPATH_SEARCH_PATHS = "@executable_path/Frameworks";
				"LD_RUNPATH_SEARCH_PATHS[sdk=macosx*]" = "@executable_path/../Frameworks";
				MACOSX_DEPLOYMENT_TARGET = 15.6;
				MARKETING_VERSION = 1.0;
				PRODUCT_BUNDLE_IDENTIFIER = com.FocusGuard;
				PRODUCT_NAME = "$(TARGET_NAME)";
				REGISTER_APP_GROUPS = YES;
				SDKROOT = auto;
				STRING_CATALOG_GENERATE_SYMBOLS = YES;
				SUPPORTED_PLATFORMS = "iphoneos iphonesimulator macosx xros xrsimulator";
				SWIFT_APPROACHABLE_CONCURRENCY = YES;
				SWIFT_DEFAULT_ACTOR_ISOLATION = MainActor;
				SWIFT_EMIT_LOC_STRINGS = YES;
				SWIFT_UPCOMING_FEATURE_MEMBER_IMPORT_VISIBILITY = YES;
				SWIFT_VERSION = 5.0;
				TARGETED_DEVICE_FAMILY = "1,2,7";
				XROS_DEPLOYMENT_TARGET = 26.2;
			};
			name = Debug;
		};
		A6F93A132F15DACD00EA75FC /* Release */ = {
			isa = XCBuildConfiguration;
			buildSettings = {
				ASSETCATALOG_COMPILER_APPICON_NAME = AppIcon;
				ASSETCATALOG_COMPILER_GLOBAL_ACCENT_COLOR_NAME = AccentColor;
				CODE_SIGN_STYLE = Automatic;
				CURRENT_PROJECT_VERSION = 1;
				DEVELOPMENT_TEAM = Q8D9M8NW8Y;
				ENABLE_APP_SANDBOX = NO;
				ENABLE_HARDENED_RUNTIME = YES;
				ENABLE_PREVIEWS = YES;
				GENERATE_INFOPLIST_FILE = YES;
				INFOPLIST_FILE = FocusGuard/Resources/Info.plist;
				"INFOPLIST_KEY_UIApplicationSceneManifest_Generation[sdk=iphoneos*]" = YES;
				"INFOPLIST_KEY_UIApplicationSceneManifest_Generation[sdk=iphonesimulator*]" = YES;
				"INFOPLIST_KEY_UIApplicationSupportsIndirectInputEvents[sdk=iphoneos*]" = YES;
				"INFOPLIST_KEY_UIApplicationSupportsIndirectInputEvents[sdk=iphonesimulator*]" = YES;
				"INFOPLIST_KEY_UILaunchScreen_Generation[sdk=iphoneos*]" = YES;
				"INFOPLIST_KEY_UILaunchScreen_Generation[sdk=iphonesimulator*]" = YES;
				"INFOPLIST_KEY_UIStatusBarStyle[sdk=iphoneos*]" = UIStatusBarStyleDefault;
				"INFOPLIST_KEY_UIStatusBarStyle[sdk=iphonesimulator*]" = UIStatusBarStyleDefault;
				INFOPLIST_KEY_UISupportedInterfaceOrientations_iPad = "UIInterfaceOrientationPortrait UIInterfaceOrientationPortraitUpsideDown UIInterfaceOrientationLandscapeLeft UIInterfaceOrientationLandscapeRight";
				INFOPLIST_KEY_UISupportedInterfaceOrientations_iPhone = "UIInterfaceOrientationPortrait UIInterfaceOrientationLandscapeLeft UIInterfaceOrientationLandscapeRight";
				IPHONEOS_DEPLOYMENT_TARGET = 26.2;
				LD_RUNPATH_SEARCH_PATHS = "@executable_path/Frameworks";
				"LD_RUNPATH_SEARCH_PATHS[sdk=macosx*]" = "@executable_path/../Frameworks";
				MACOSX_DEPLOYMENT_TARGET = 15.6;
				MARKETING_VERSION = 1.0;
				PRODUCT_BUNDLE_IDENTIFIER = com.FocusGuard;
				PRODUCT_NAME = "$(TARGET_NAME)";
				REGISTER_APP_GROUPS = YES;
				SDKROOT = auto;
				STRING_CATALOG_GENERATE_SYMBOLS = YES;
				SUPPORTED_PLATFORMS = "iphoneos iphonesimulator macosx xros xrsimulator";
				SWIFT_APPROACHABLE_CONCURRENCY = YES;
				SWIFT_DEFAULT_ACTOR_ISOLATION = MainActor;
				SWIFT_EMIT_LOC_STRINGS = YES;
				SWIFT_UPCOMING_FEATURE_MEMBER_IMPORT_VISIBILITY = YES;
				SWIFT_VERSION = 5.0;
				TARGETED_DEVICE_FAMILY = "1,2,7";
				XROS_DEPLOYMENT_TARGET = 26.2;
			};
			name = Release;
		};
		A6F93A152F15DACD00EA75FC /* Debug */ = {
			isa = XCBuildConfiguration;
			buildSettings = {
				BUNDLE_LOADER = "$(TEST_HOST)";
				CODE_SIGN_STYLE = Automatic;
				CURRENT_PROJECT_VERSION = 1;
				DEVELOPMENT_TEAM = Q8D9M8NW8Y;
				GENERATE_INFOPLIST_FILE = YES;
				IPHONEOS_DEPLOYMENT_TARGET = 26.2;
				MACOSX_DEPLOYMENT_TARGET = 15.6;
				MARKETING_VERSION = 1.0;
				PRODUCT_BUNDLE_IDENTIFIER = com.FocusGuardTests;
				PRODUCT_NAME = "$(TARGET_NAME)";
				SDKROOT = auto;
				STRING_CATALOG_GENERATE_SYMBOLS = NO;
				SUPPORTED_PLATFORMS = "iphoneos iphonesimulator macosx xros xrsimulator";
				SWIFT_APPROACHABLE_CONCURRENCY = YES;
				SWIFT_EMIT_LOC_STRINGS = NO;
				SWIFT_UPCOMING_FEATURE_MEMBER_IMPORT_VISIBILITY = YES;
				SWIFT_VERSION = 5.0;
				TARGETED_DEVICE_FAMILY = "1,2,7";
				TEST_HOST = "$(BUILT_PRODUCTS_DIR)/FocusGuard.app/$(BUNDLE_EXECUTABLE_FOLDER_PATH)/FocusGuard";
				XROS_DEPLOYMENT_TARGET = 26.2;
			};
			name = Debug;
		};
		A6F93A162F15DACD00EA75FC /* Release */ = {
			isa = XCBuildConfiguration;
			buildSettings = {
				BUNDLE_LOADER = "$(TEST_HOST)";
				CODE_SIGN_STYLE = Automatic;
				CURRENT_PROJECT_VERSION = 1;
				DEVELOPMENT_TEAM = Q8D9M8NW8Y;
				GENERATE_INFOPLIST_FILE = YES;
				IPHONEOS_DEPLOYMENT_TARGET = 26.2;
				MACOSX_DEPLOYMENT_TARGET = 15.6;
				MARKETING_VERSION = 1.0;
				PRODUCT_BUNDLE_IDENTIFIER = com.FocusGuardTests;
				PRODUCT_NAME = "$(TARGET_NAME)";
				SDKROOT = auto;
				STRING_CATALOG_GENERATE_SYMBOLS = NO;
				SUPPORTED_PLATFORMS = "iphoneos iphonesimulator macosx xros xrsimulator";
				SWIFT_APPROACHABLE_CONCURRENCY = YES;
				SWIFT_EMIT_LOC_STRINGS = NO;
				SWIFT_UPCOMING_FEATURE_MEMBER_IMPORT_VISIBILITY = YES;
				SWIFT_VERSION = 5.0;
				TARGETED_DEVICE_FAMILY = "1,2,7";
				TEST_HOST = "$(BUILT_PRODUCTS_DIR)/FocusGuard.app/$(BUNDLE_EXECUTABLE_FOLDER_PATH)/FocusGuard";
				XROS_DEPLOYMENT_TARGET = 26.2;
			};
			name = Release;
		};
		A6F93A182F15DACD00EA75FC /* Debug */ = {
			isa = XCBuildConfiguration;
			buildSettings = {
				CODE_SIGN_STYLE = Automatic;
				CURRENT_PROJECT_VERSION = 1;
				DEVELOPMENT_TEAM = Q8D9M8NW8Y;
				GENERATE_INFOPLIST_FILE = YES;
				IPHONEOS_DEPLOYMENT_TARGET = 26.2;
				MACOSX_DEPLOYMENT_TARGET = 15.6;
				MARKETING_VERSION = 1.0;
				PRODUCT_BUNDLE_IDENTIFIER = com.FocusGuardUITests;
				PRODUCT_NAME = "$(TARGET_NAME)";
				SDKROOT = auto;
				STRING_CATALOG_GENERATE_SYMBOLS = NO;
				SUPPORTED_PLATFORMS = "iphoneos iphonesimulator macosx xros xrsimulator";
				SWIFT_APPROACHABLE_CONCURRENCY = YES;
				SWIFT_EMIT_LOC_STRINGS = NO;
				SWIFT_UPCOMING_FEATURE_MEMBER_IMPORT_VISIBILITY = YES;
				SWIFT_VERSION = 5.0;
				TARGETED_DEVICE_FAMILY = "1,2,7";
				TEST_TARGET_NAME = FocusGuard;
				XROS_DEPLOYMENT_TARGET = 26.2;
			};
			name = Debug;
		};
		A6F93A192F15DACD00EA75FC /* Release */ = {
			isa = XCBuildConfiguration;
			buildSettings = {
				CODE_SIGN_STYLE = Automatic;
				CURRENT_PROJECT_VERSION = 1;
				DEVELOPMENT_TEAM = Q8D9M8NW8Y;
				GENERATE_INFOPLIST_FILE = YES;
				IPHONEOS_DEPLOYMENT_TARGET = 26.2;
				MACOSX_DEPLOYMENT_TARGET = 15.6;
				MARKETING_VERSION = 1.0;
				PRODUCT_BUNDLE_IDENTIFIER = com.FocusGuardUITests;
				PRODUCT_NAME = "$(TARGET_NAME)";
				SDKROOT = auto;
				STRING_CATALOG_GENERATE_SYMBOLS = NO;
				SUPPORTED_PLATFORMS = "iphoneos iphonesimulator macosx xros xrsimulator";
				SWIFT_APPROACHABLE_CONCURRENCY = YES;
				SWIFT_EMIT_LOC_STRINGS = NO;
				SWIFT_UPCOMING_FEATURE_MEMBER_IMPORT_VISIBILITY = YES;
				SWIFT_VERSION = 5.0;
				TARGETED_DEVICE_FAMILY = "1,2,7";
				TEST_TARGET_NAME = FocusGuard;
				XROS_DEPLOYMENT_TARGET = 26.2;
			};
			name = Release;
		};
/* End XCBuildConfiguration section */

/* Begin XCConfigurationList section */
		A669060C2F15FA4800FEC8D2 /* Build configuration list for PBXNativeTarget "com.focusguard.helper" */ = {
			isa = XCConfigurationList;
			buildConfigurations = (
				A669060A2F15FA4800FEC8D2 /* Debug */,
				A669060B2F15FA4800FEC8D2 /* Release */,
			);
			defaultConfigurationIsVisible = 0;
			defaultConfigurationName = Release;
		};
		A6F939E62F15DACC00EA75FC /* Build configuration list for PBXProject "FocusGuard" */ = {
			isa = XCConfigurationList;
			buildConfigurations = (
				A6F93A0F2F15DACD00EA75FC /* Debug */,
				A6F93A102F15DACD00EA75FC /* Release */,
			);
			defaultConfigurationIsVisible = 0;
			defaultConfigurationName = Release;
		};
		A6F93A112F15DACD00EA75FC /* Build configuration list for PBXNativeTarget "FocusGuard" */ = {
			isa = XCConfigurationList;
			buildConfigurations = (
				A6F93A122F15DACD00EA75FC /* Debug */,
				A6F93A132F15DACD00EA75FC /* Release */,
			);
			defaultConfigurationIsVisible = 0;
			defaultConfigurationName = Release;
		};
		A6F93A142F15DACD00EA75FC /* Build configuration list for PBXNativeTarget "FocusGuardTests" */ = {
			isa = XCConfigurationList;
			buildConfigurations = (
				A6F93A152F15DACD00EA75FC /* Debug */,
				A6F93A162F15DACD00EA75FC /* Release */,
			);
			defaultConfigurationIsVisible = 0;
			defaultConfigurationName = Release;
		};
		A6F93A172F15DACD00EA75FC /* Build configuration list for PBXNativeTarget "FocusGuardUITests" */ = {
			isa = XCConfigurationList;
			buildConfigurations = (
				A6F93A182F15DACD00EA75FC /* Debug */,
				A6F93A192F15DACD00EA75FC /* Release */,
			);
			defaultConfigurationIsVisible = 0;
			defaultConfigurationName = Release;
		};
/* End XCConfigurationList section */
	};
	rootObject = A6F939E32F15DACC00EA75FC /* Project object */;
}
